// !$*UTF8*$!
{
	archiveVersion = 1;
	classes = {
	};
	objectVersion = 46;
	objects = {

/* Begin PBXBuildFile section */
		D0256CD61EB284FE00814554 /* AppDelegate.swift in Sources */ = {isa = PBXBuildFile; fileRef = D0256CD51EB284FE00814554 /* AppDelegate.swift */; };
		D0256CD81EB284FE00814554 /* ViewController.swift in Sources */ = {isa = PBXBuildFile; fileRef = D0256CD71EB284FE00814554 /* ViewController.swift */; };
		D0256CDD1EB284FE00814554 /* Assets.xcassets in Resources */ = {isa = PBXBuildFile; fileRef = D0256CDC1EB284FE00814554 /* Assets.xcassets */; };
		D0256CEB1EB2856900814554 /* Bundle-AppLocale.swift in Sources */ = {isa = PBXBuildFile; fileRef = D0256CE71EB2856900814554 /* Bundle-AppLocale.swift */; };
		D0256CEC1EB2856900814554 /* DispatchQueue-Extensions.swift in Sources */ = {isa = PBXBuildFile; fileRef = D0256CE81EB2856900814554 /* DispatchQueue-Extensions.swift */; };
		D0256CED1EB2856900814554 /* Locale-App.swift in Sources */ = {isa = PBXBuildFile; fileRef = D0256CE91EB2856900814554 /* Locale-App.swift */; };
		D0256CEE1EB2856900814554 /* UserDefaults-AppLocale.swift in Sources */ = {isa = PBXBuildFile; fileRef = D0256CEA1EB2856900814554 /* UserDefaults-AppLocale.swift */; };
		D0256CF61EB2868300814554 /* Flags.xcassets in Resources */ = {isa = PBXBuildFile; fileRef = D0256CF51EB2868300814554 /* Flags.xcassets */; };
		D0256CF81EB286D800814554 /* Formatters.swift in Sources */ = {isa = PBXBuildFile; fileRef = D0256CF71EB286D800814554 /* Formatters.swift */; };
		D0256D251EB2898600814554 /* Main.storyboard in Resources */ = {isa = PBXBuildFile; fileRef = D0256D231EB2898600814554 /* Main.storyboard */; };
		D0256D2D1EB289EE00814554 /* LaunchScreen.storyboard in Resources */ = {isa = PBXBuildFile; fileRef = D0256D2B1EB289EE00814554 /* LaunchScreen.storyboard */; };
/* End PBXBuildFile section */

/* Begin PBXFileReference section */
		D0256CD21EB284FE00814554 /* LanguageSwitcher2.app */ = {isa = PBXFileReference; explicitFileType = wrapper.application; includeInIndex = 0; path = LanguageSwitcher2.app; sourceTree = BUILT_PRODUCTS_DIR; };
		D0256CD51EB284FE00814554 /* AppDelegate.swift */ = {isa = PBXFileReference; lastKnownFileType = sourcecode.swift; path = AppDelegate.swift; sourceTree = "<group>"; };
		D0256CD71EB284FE00814554 /* ViewController.swift */ = {isa = PBXFileReference; lastKnownFileType = sourcecode.swift; path = ViewController.swift; sourceTree = "<group>"; };
		D0256CDC1EB284FE00814554 /* Assets.xcassets */ = {isa = PBXFileReference; lastKnownFileType = folder.assetcatalog; path = Assets.xcassets; sourceTree = "<group>"; };
		D0256CE11EB284FE00814554 /* Info.plist */ = {isa = PBXFileReference; lastKnownFileType = text.plist.xml; path = Info.plist; sourceTree = "<group>"; };
		D0256CE71EB2856900814554 /* Bundle-AppLocale.swift */ = {isa = PBXFileReference; fileEncoding = 4; lastKnownFileType = sourcecode.swift; path = "Bundle-AppLocale.swift"; sourceTree = "<group>"; };
		D0256CE81EB2856900814554 /* DispatchQueue-Extensions.swift */ = {isa = PBXFileReference; fileEncoding = 4; lastKnownFileType = sourcecode.swift; path = "DispatchQueue-Extensions.swift"; sourceTree = "<group>"; };
		D0256CE91EB2856900814554 /* Locale-App.swift */ = {isa = PBXFileReference; fileEncoding = 4; lastKnownFileType = sourcecode.swift; path = "Locale-App.swift"; sourceTree = "<group>"; };
		D0256CEA1EB2856900814554 /* UserDefaults-AppLocale.swift */ = {isa = PBXFileReference; fileEncoding = 4; lastKnownFileType = sourcecode.swift; path = "UserDefaults-AppLocale.swift"; sourceTree = "<group>"; };
		D0256CF51EB2868300814554 /* Flags.xcassets */ = {isa = PBXFileReference; lastKnownFileType = folder.assetcatalog; name = Flags.xcassets; path = LanguageSwitcher/Flags.xcassets; sourceTree = SOURCE_ROOT; };
		D0256CF71EB286D800814554 /* Formatters.swift */ = {isa = PBXFileReference; fileEncoding = 4; lastKnownFileType = sourcecode.swift; name = Formatters.swift; path = LanguageSwitcher/Formatters.swift; sourceTree = SOURCE_ROOT; };
		D0256D241EB2898600814554 /* Base */ = {isa = PBXFileReference; lastKnownFileType = file.storyboard; name = Base; path = Base.lproj/Main.storyboard; sourceTree = "<group>"; };
		D0256D261EB2899F00814554 /* en */ = {isa = PBXFileReference; lastKnownFileType = text.plist.strings; name = en; path = en.lproj/Main.strings; sourceTree = "<group>"; };
		D0256D271EB289A200814554 /* de */ = {isa = PBXFileReference; lastKnownFileType = text.plist.strings; name = de; path = de.lproj/Main.strings; sourceTree = "<group>"; };
		D0256D281EB289A500814554 /* fr */ = {isa = PBXFileReference; lastKnownFileType = text.plist.strings; name = fr; path = fr.lproj/Main.strings; sourceTree = "<group>"; };
		D0256D291EB289A800814554 /* he */ = {isa = PBXFileReference; lastKnownFileType = text.plist.strings; name = he; path = he.lproj/Main.strings; sourceTree = "<group>"; };
		D0256D2A1EB289AB00814554 /* sr */ = {isa = PBXFileReference; lastKnownFileType = text.plist.strings; name = sr; path = sr.lproj/Main.strings; sourceTree = "<group>"; };
		D0256D2C1EB289EE00814554 /* Base */ = {isa = PBXFileReference; lastKnownFileType = file.storyboard; name = Base; path = Base.lproj/LaunchScreen.storyboard; sourceTree = "<group>"; };
		D0256D2F1EB289F200814554 /* en */ = {isa = PBXFileReference; lastKnownFileType = text.plist.strings; name = en; path = en.lproj/LaunchScreen.strings; sourceTree = "<group>"; };
		D0256D301EB289F600814554 /* de */ = {isa = PBXFileReference; lastKnownFileType = text.plist.strings; name = de; path = de.lproj/LaunchScreen.strings; sourceTree = "<group>"; };
		D0256D311EB289F900814554 /* fr */ = {isa = PBXFileReference; lastKnownFileType = text.plist.strings; name = fr; path = fr.lproj/LaunchScreen.strings; sourceTree = "<group>"; };
		D0256D321EB289FB00814554 /* he */ = {isa = PBXFileReference; lastKnownFileType = text.plist.strings; name = he; path = he.lproj/LaunchScreen.strings; sourceTree = "<group>"; };
		D0256D331EB289FD00814554 /* sr */ = {isa = PBXFileReference; lastKnownFileType = text.plist.strings; name = sr; path = sr.lproj/LaunchScreen.strings; sourceTree = "<group>"; };
/* End PBXFileReference section */

/* Begin PBXFrameworksBuildPhase section */
		D0256CCF1EB284FE00814554 /* Frameworks */ = {
			isa = PBXFrameworksBuildPhase;
			buildActionMask = 2147483647;
			files = (
			);
			runOnlyForDeploymentPostprocessing = 0;
		};
/* End PBXFrameworksBuildPhase section */

/* Begin PBXGroup section */
		D0256CC91EB284FE00814554 = {
			isa = PBXGroup;
			children = (
				D0256CE71EB2856900814554 /* Bundle-AppLocale.swift */,
				D0256CE81EB2856900814554 /* DispatchQueue-Extensions.swift */,
				D0256CE91EB2856900814554 /* Locale-App.swift */,
				D0256CEA1EB2856900814554 /* UserDefaults-AppLocale.swift */,
				D0256CD41EB284FE00814554 /* LanguageSwitcher2 */,
				D0256CD31EB284FE00814554 /* Products */,
			);
			sourceTree = "<group>";
		};
		D0256CD31EB284FE00814554 /* Products */ = {
			isa = PBXGroup;
			children = (
				D0256CD21EB284FE00814554 /* LanguageSwitcher2.app */,
			);
			name = Products;
			sourceTree = "<group>";
		};
		D0256CD41EB284FE00814554 /* LanguageSwitcher2 */ = {
			isa = PBXGroup;
			children = (
				D0256CD51EB284FE00814554 /* AppDelegate.swift */,
				D0256CD71EB284FE00814554 /* ViewController.swift */,
				D0256D231EB2898600814554 /* Main.storyboard */,
				D0256CDC1EB284FE00814554 /* Assets.xcassets */,
				D0256CF51EB2868300814554 /* Flags.xcassets */,
				D0256D2B1EB289EE00814554 /* LaunchScreen.storyboard */,
				D0256CE11EB284FE00814554 /* Info.plist */,
				D0256CF71EB286D800814554 /* Formatters.swift */,
			);
			path = LanguageSwitcher2;
			sourceTree = "<group>";
		};
/* End PBXGroup section */

/* Begin PBXNativeTarget section */
		D0256CD11EB284FE00814554 /* LanguageSwitcher2 */ = {
			isa = PBXNativeTarget;
			buildConfigurationList = D0256CE41EB284FE00814554 /* Build configuration list for PBXNativeTarget "LanguageSwitcher2" */;
			buildPhases = (
				D0256CCE1EB284FE00814554 /* Sources */,
				D0256CCF1EB284FE00814554 /* Frameworks */,
				D0256CD01EB284FE00814554 /* Resources */,
			);
			buildRules = (
			);
			dependencies = (
			);
			name = LanguageSwitcher2;
			productName = LanguageSwitcher2;
			productReference = D0256CD21EB284FE00814554 /* LanguageSwitcher2.app */;
			productType = "com.apple.product-type.application";
		};
/* End PBXNativeTarget section */

/* Begin PBXProject section */
		D0256CCA1EB284FE00814554 /* Project object */ = {
			isa = PBXProject;
			attributes = {
				LastSwiftUpdateCheck = 0830;
				LastUpgradeCheck = 0830;
				ORGANIZATIONNAME = "Radiant Tap";
				TargetAttributes = {
					D0256CD11EB284FE00814554 = {
						CreatedOnToolsVersion = 8.3.2;
						ProvisioningStyle = Automatic;
					};
				};
			};
			buildConfigurationList = D0256CCD1EB284FE00814554 /* Build configuration list for PBXProject "LanguageSwitcher2" */;
			compatibilityVersion = "Xcode 3.2";
			developmentRegion = English;
			hasScannedForEncodings = 0;
			knownRegions = (
				en,
				Base,
				de,
				fr,
				he,
				sr,
			);
			mainGroup = D0256CC91EB284FE00814554;
			productRefGroup = D0256CD31EB284FE00814554 /* Products */;
			projectDirPath = "";
			projectRoot = "";
			targets = (
				D0256CD11EB284FE00814554 /* LanguageSwitcher2 */,
			);
		};
/* End PBXProject section */

/* Begin PBXResourcesBuildPhase section */
		D0256CD01EB284FE00814554 /* Resources */ = {
			isa = PBXResourcesBuildPhase;
			buildActionMask = 2147483647;
			files = (
				D0256CDD1EB284FE00814554 /* Assets.xcassets in Resources */,
				D0256D2D1EB289EE00814554 /* LaunchScreen.storyboard in Resources */,
				D0256CF61EB2868300814554 /* Flags.xcassets in Resources */,
				D0256D251EB2898600814554 /* Main.storyboard in Resources */,
			);
			runOnlyForDeploymentPostprocessing = 0;
		};
/* End PBXResourcesBuildPhase section */

/* Begin PBXSourcesBuildPhase section */
		D0256CCE1EB284FE00814554 /* Sources */ = {
			isa = PBXSourcesBuildPhase;
			buildActionMask = 2147483647;
			files = (
				D0256CD81EB284FE00814554 /* ViewController.swift in Sources */,
				D0256CEB1EB2856900814554 /* Bundle-AppLocale.swift in Sources */,
				D0256CD61EB284FE00814554 /* AppDelegate.swift in Sources */,
				D0256CEC1EB2856900814554 /* DispatchQueue-Extensions.swift in Sources */,
				D0256CEE1EB2856900814554 /* UserDefaults-AppLocale.swift in Sources */,
				D0256CED1EB2856900814554 /* Locale-App.swift in Sources */,
				D0256CF81EB286D800814554 /* Formatters.swift in Sources */,
			);
			runOnlyForDeploymentPostprocessing = 0;
		};
/* End PBXSourcesBuildPhase section */

/* Begin PBXVariantGroup section */
		D0256D231EB2898600814554 /* Main.storyboard */ = {
			isa = PBXVariantGroup;
			children = (
				D0256D241EB2898600814554 /* Base */,
				D0256D261EB2899F00814554 /* en */,
				D0256D271EB289A200814554 /* de */,
				D0256D281EB289A500814554 /* fr */,
				D0256D291EB289A800814554 /* he */,
				D0256D2A1EB289AB00814554 /* sr */,
			);
			name = Main.storyboard;
			sourceTree = "<group>";
		};
		D0256D2B1EB289EE00814554 /* LaunchScreen.storyboard */ = {
			isa = PBXVariantGroup;
			children = (
				D0256D2C1EB289EE00814554 /* Base */,
				D0256D2F1EB289F200814554 /* en */,
				D0256D301EB289F600814554 /* de */,
				D0256D311EB289F900814554 /* fr */,
				D0256D321EB289FB00814554 /* he */,
				D0256D331EB289FD00814554 /* sr */,
			);
			name = LaunchScreen.storyboard;
			sourceTree = "<group>";
		};
/* End PBXVariantGroup section */

/* Begin XCBuildConfiguration section */
		D0256CE21EB284FE00814554 /* Debug */ = {
			isa = XCBuildConfiguration;
			buildSettings = {
				ALWAYS_SEARCH_USER_PATHS = NO;
				CLANG_ANALYZER_NONNULL = YES;
				CLANG_ANALYZER_NUMBER_OBJECT_CONVERSION = YES_AGGRESSIVE;
				CLANG_CXX_LANGUAGE_STANDARD = "gnu++0x";
				CLANG_CXX_LIBRARY = "libc++";
				CLANG_ENABLE_MODULES = YES;
				CLANG_ENABLE_OBJC_ARC = YES;
				CLANG_WARN_BOOL_CONVERSION = YES;
				CLANG_WARN_CONSTANT_CONVERSION = YES;
				CLANG_WARN_DIRECT_OBJC_ISA_USAGE = YES_ERROR;
				CLANG_WARN_DOCUMENTATION_COMMENTS = YES;
				CLANG_WARN_EMPTY_BODY = YES;
				CLANG_WARN_ENUM_CONVERSION = YES;
				CLANG_WARN_INFINITE_RECURSION = YES;
				CLANG_WARN_INT_CONVERSION = YES;
				CLANG_WARN_OBJC_ROOT_CLASS = YES_ERROR;
				CLANG_WARN_SUSPICIOUS_MOVE = YES;
				CLANG_WARN_UNREACHABLE_CODE = YES;
				CLANG_WARN__DUPLICATE_METHOD_MATCH = YES;
				"CODE_SIGN_IDENTITY[sdk=iphoneos*]" = "iPhone Developer";
				COPY_PHASE_STRIP = NO;
				DEBUG_INFORMATION_FORMAT = dwarf;
				ENABLE_STRICT_OBJC_MSGSEND = YES;
				ENABLE_TESTABILITY = YES;
				GCC_C_LANGUAGE_STANDARD = gnu99;
				GCC_DYNAMIC_NO_PIC = NO;
				GCC_NO_COMMON_BLOCKS = YES;
				GCC_OPTIMIZATION_LEVEL = 0;
				GCC_PREPROCESSOR_DEFINITIONS = (
					"DEBUG=1",
					"$(inherited)",
				);
				GCC_WARN_64_TO_32_BIT_CONVERSION = YES;
				GCC_WARN_ABOUT_RETURN_TYPE = YES_ERROR;
				GCC_WARN_UNDECLARED_SELECTOR = YES;
				GCC_WARN_UNINITIALIZED_AUTOS = YES_AGGRESSIVE;
				GCC_WARN_UNUSED_FUNCTION = YES;
				GCC_WARN_UNUSED_VARIABLE = YES;
				IPHONEOS_DEPLOYMENT_TARGET = 10.3;
				MTL_ENABLE_DEBUG_INFO = YES;
				ONLY_ACTIVE_ARCH = YES;
				SDKROOT = iphoneos;
				SWIFT_ACTIVE_COMPILATION_CONDITIONS = DEBUG;
				SWIFT_OPTIMIZATION_LEVEL = "-Onone";
				TARGETED_DEVICE_FAMILY = "1,2";
			};
			name = Debug;
		};
		D0256CE31EB284FE00814554 /* Release */ = {
			isa = XCBuildConfiguration;
			buildSettings = {
				ALWAYS_SEARCH_USER_PATHS = NO;
				CLANG_ANALYZER_NONNULL = YES;
				CLANG_ANALYZER_NUMBER_OBJECT_CONVERSION = YES_AGGRESSIVE;
				CLANG_CXX_LANGUAGE_STANDARD = "gnu++0x";
				CLANG_CXX_LIBRARY = "libc++";
				CLANG_ENABLE_MODULES = YES;
				CLANG_ENABLE_OBJC_ARC = YES;
				CLANG_WARN_BOOL_CONVERSION = YES;
				CLANG_WARN_CONSTANT_CONVERSION = YES;
				CLANG_WARN_DIRECT_OBJC_ISA_USAGE = YES_ERROR;
				CLANG_WARN_DOCUMENTATION_COMMENTS = YES;
				CLANG_WARN_EMPTY_BODY = YES;
				CLANG_WARN_ENUM_CONVERSION = YES;
				CLANG_WARN_INFINITE_RECURSION = YES;
				CLANG_WARN_INT_CONVERSION = YES;
				CLANG_WARN_OBJC_ROOT_CLASS = YES_ERROR;
				CLANG_WARN_SUSPICIOUS_MOVE = YES;
				CLANG_WARN_UNREACHABLE_CODE = YES;
				CLANG_WARN__DUPLICATE_METHOD_MATCH = YES;
				"CODE_SIGN_IDENTITY[sdk=iphoneos*]" = "iPhone Developer";
				COPY_PHASE_STRIP = NO;
				DEBUG_INFORMATION_FORMAT = "dwarf-with-dsym";
				ENABLE_NS_ASSERTIONS = NO;
				ENABLE_STRICT_OBJC_MSGSEND = YES;
				GCC_C_LANGUAGE_STANDARD = gnu99;
				GCC_NO_COMMON_BLOCKS = YES;
				GCC_WARN_64_TO_32_BIT_CONVERSION = YES;
				GCC_WARN_ABOUT_RETURN_TYPE = YES_ERROR;
				GCC_WARN_UNDECLARED_SELECTOR = YES;
				GCC_WARN_UNINITIALIZED_AUTOS = YES_AGGRESSIVE;
				GCC_WARN_UNUSED_FUNCTION = YES;
				GCC_WARN_UNUSED_VARIABLE = YES;
				IPHONEOS_DEPLOYMENT_TARGET = 10.3;
				MTL_ENABLE_DEBUG_INFO = NO;
				SDKROOT = iphoneos;
				SWIFT_OPTIMIZATION_LEVEL = "-Owholemodule";
				TARGETED_DEVICE_FAMILY = "1,2";
				VALIDATE_PRODUCT = YES;
			};
			name = Release;
		};
		D0256CE51EB284FE00814554 /* Debug */ = {
			isa = XCBuildConfiguration;
			buildSettings = {
				ASSETCATALOG_COMPILER_APPICON_NAME = AppIcon;
				INFOPLIST_FILE = LanguageSwitcher2/Info.plist;
				LD_RUNPATH_SEARCH_PATHS = "$(inherited) @executable_path/Frameworks";
				PRODUCT_BUNDLE_IDENTIFIER = com.radianttap.LanguageSwitcher2;
				PRODUCT_NAME = "$(TARGET_NAME)";
				SWIFT_VERSION = 3.0;
			};
			name = Debug;
		};
		D0256CE61EB284FE00814554 /* Release */ = {
			isa = XCBuildConfiguration;
			buildSettings = {
				ASSETCATALOG_COMPILER_APPICON_NAME = AppIcon;
				INFOPLIST_FILE = LanguageSwitcher2/Info.plist;
				LD_RUNPATH_SEARCH_PATHS = "$(inherited) @executable_path/Frameworks";
				PRODUCT_BUNDLE_IDENTIFIER = com.radianttap.LanguageSwitcher2;
				PRODUCT_NAME = "$(TARGET_NAME)";
				SWIFT_VERSION = 3.0;
			};
			name = Release;
		};
/* End XCBuildConfiguration section */

/* Begin XCConfigurationList section */
		D0256CCD1EB284FE00814554 /* Build configuration list for PBXProject "LanguageSwitcher2" */ = {
			isa = XCConfigurationList;
			buildConfigurations = (
				D0256CE21EB284FE00814554 /* Debug */,
				D0256CE31EB284FE00814554 /* Release */,
			);
			defaultConfigurationIsVisible = 0;
			defaultConfigurationName = Release;
		};
		D0256CE41EB284FE00814554 /* Build configuration list for PBXNativeTarget "LanguageSwitcher2" */ = {
			isa = XCConfigurationList;
			buildConfigurations = (
				D0256CE51EB284FE00814554 /* Debug */,
				D0256CE61EB284FE00814554 /* Release */,
			);
			defaultConfigurationIsVisible = 0;
			defaultConfigurationName = Release;
		};
/* End XCConfigurationList section */
	};
	rootObject = D0256CCA1EB284FE00814554 /* Project object */;
}
